<?xml version="1.0" encoding="utf-8"?>
<Project ToolsVersion="4.0" xmlns="http://schemas.microsoft.com/developer/msbuild/2003">
  <ItemGroup>
    <ClCompile Include="fit2gpx.cpp" />
  </ItemGroup>
  <ItemGroup>
    <Filter Include="FitSDK">
      <UniqueIdentifier>{749922dd-da5a-422d-b7ee-d371b1fffc9e}</UniqueIdentifier>
    </Filter>
  </ItemGroup>
  <ItemGroup>
    <ClInclude Include="FitSDK\c\fit.h">
      <Filter>FitSDK</Filter>
    </ClInclude>
    <ClInclude Include="FitSDK\c\fit_config.h">
      <Filter>FitSDK</Filter>
    </ClInclude>
    <ClInclude Include="FitSDK\c\fit_convert.h">
      <Filter>FitSDK</Filter>
    </ClInclude>
    <ClInclude Include="FitSDK\c\fit_crc.h">
      <Filter>FitSDK</Filter>
    </ClInclude>
    <ClInclude Include="FitSDK\c\fit_example.h">
      <Filter>FitSDK</Filter>
    </ClInclude>
    <ClInclude Include="FitSDK\c\fit_include.h">
      <Filter>FitSDK</Filter>
    </ClInclude>
    <ClInclude Include="FitSDK\c\fit_product.h">
      <Filter>FitSDK</Filter>
    </ClInclude>
  </ItemGroup>
</Project>